
Microsoft Visual Studio Solution File, Format Version 12.00
# Visual Studio Version 17
VisualStudioVersion = 17.4.33213.308
MinimumVisualStudioVersion = 10.0.40219.1
Project("{FAE04EC0-301F-11D3-BF4B-00C04F79EFBC}") = "Clipdrop", "Clipdrop\Clipdrop.csproj", "{CD02C915-2FA6-4C26-9D87-7CE248AAD7EB}"
EndProject
Global
	GlobalSection(SolutionConfigurationPlatforms) = preSolution
		Debug|Any CPU = Debug|Any CPU
		Release|Any CPU = Release|Any CPU
	EndGlobalSection
	GlobalSection(ProjectConfigurationPlatforms) = postSolution
		{CD02C915-2FA6-4C26-9D87-7CE248AAD7EB}.Debug|Any CPU.ActiveCfg = Debug|Any CPU
		{CD02C915-2FA6-4C26-9D87-7CE248AAD7EB}.Debug|Any CPU.Build.0 = Debug|Any CPU
		{CD02C915-2FA6-4C26-9D87-7CE248AAD7EB}.Release|Any CPU.ActiveCfg = Release|Any CPU
		{CD02C915-2FA6-4C26-9D87-7CE248AAD7EB}.Release|Any CPU.Build.0 = Release|Any CPU
	EndGlobalSection
	GlobalSection(SolutionProperties) = preSolution
		HideSolutionNode = FALSE
	EndGlobalSection
	GlobalSection(ExtensibilityGlobals) = postSolution
		SolutionGuid = {15747C20-E9B0-4DB8-A370-0FA782C572C8}
	EndGlobalSection
EndGlobal
